
Microsoft Visual Studio Solution File, Format Version 12.00
# Visual Studio Version 17
VisualStudioVersion = 17.0.32014.148
MinimumVisualStudioVersion = 10.0.40219.1
Project("{9A19103F-16F7-4668-BE54-9A1E7A4F7556}") = "Netboot.Utility.Cache.Tests", "Tests\Netboot.Utility.Cache.Tests.csproj", "{AE2D7949-78F8-4028-A6A4-70F5835D1D57}"
EndProject
Project("{9A19103F-16F7-4668-BE54-9A1E7A4F7556}") = "Netboot.Utility.Cache", "Src\Netboot.Utility.Cache\Netboot.Utility.Cache.csproj", "{4FBA9CD6-040F-43D4-8F96-7F969800D7A8}"
EndProject
Project("{9A19103F-16F7-4668-BE54-9A1E7A4F7556}") = "Netboot.Utility.Cache.Memory", "Src\Netboot.Utility.Cache.Memory\Netboot.Utility.Cache.Memory.csproj", "{F8A7E026-7487-4E54-8D0A-7A3A7C84735C}"
EndProject
Project("{FAE04EC0-301F-11D3-BF4B-00C04F79EFBC}") = "Netboot.Utility.Cache.Redis", "Src\Netboot.Utility.Cache.Redis\Netboot.Utility.Cache.Redis.csproj", "{3CF6C2ED-657A-474E-BA05-D0D5690DA93F}"
EndProject
Global
	GlobalSection(SolutionConfigurationPlatforms) = preSolution
		Debug|Any CPU = Debug|Any CPU
		Release|Any CPU = Release|Any CPU
	EndGlobalSection
	GlobalSection(ProjectConfigurationPlatforms) = postSolution
		{AE2D7949-78F8-4028-A6A4-70F5835D1D57}.Debug|Any CPU.ActiveCfg = Debug|Any CPU
		{AE2D7949-78F8-4028-A6A4-70F5835D1D57}.Debug|Any CPU.Build.0 = Debug|Any CPU
		{AE2D7949-78F8-4028-A6A4-70F5835D1D57}.Release|Any CPU.ActiveCfg = Release|Any CPU
		{AE2D7949-78F8-4028-A6A4-70F5835D1D57}.Release|Any CPU.Build.0 = Release|Any CPU
		{4FBA9CD6-040F-43D4-8F96-7F969800D7A8}.Debug|Any CPU.ActiveCfg = Debug|Any CPU
		{4FBA9CD6-040F-43D4-8F96-7F969800D7A8}.Debug|Any CPU.Build.0 = Debug|Any CPU
		{4FBA9CD6-040F-43D4-8F96-7F969800D7A8}.Release|Any CPU.ActiveCfg = Release|Any CPU
		{4FBA9CD6-040F-43D4-8F96-7F969800D7A8}.Release|Any CPU.Build.0 = Release|Any CPU
		{F8A7E026-7487-4E54-8D0A-7A3A7C84735C}.Debug|Any CPU.ActiveCfg = Debug|Any CPU
		{F8A7E026-7487-4E54-8D0A-7A3A7C84735C}.Debug|Any CPU.Build.0 = Debug|Any CPU
		{F8A7E026-7487-4E54-8D0A-7A3A7C84735C}.Release|Any CPU.ActiveCfg = Release|Any CPU
		{F8A7E026-7487-4E54-8D0A-7A3A7C84735C}.Release|Any CPU.Build.0 = Release|Any CPU
		{3CF6C2ED-657A-474E-BA05-D0D5690DA93F}.Debug|Any CPU.ActiveCfg = Debug|Any CPU
		{3CF6C2ED-657A-474E-BA05-D0D5690DA93F}.Debug|Any CPU.Build.0 = Debug|Any CPU
		{3CF6C2ED-657A-474E-BA05-D0D5690DA93F}.Release|Any CPU.ActiveCfg = Release|Any CPU
		{3CF6C2ED-657A-474E-BA05-D0D5690DA93F}.Release|Any CPU.Build.0 = Release|Any CPU
	EndGlobalSection
	GlobalSection(SolutionProperties) = preSolution
		HideSolutionNode = FALSE
	EndGlobalSection
	GlobalSection(ExtensibilityGlobals) = postSolution
		SolutionGuid = {F9A4ECDA-F83A-442A-B470-F9055B890EB9}
	EndGlobalSection
EndGlobal
